
Microsoft Visual Studio Solution File, Format Version 12.00
# Visual Studio Version 17
VisualStudioVersion = 17.9.34607.119
MinimumVisualStudioVersion = 10.0.40219.1
Project("{FAE04EC0-301F-11D3-BF4B-00C04F79EFBC}") = "Egzaminas", "Egzaminas\Egzaminas.csproj", "{99060D40-2C1D-4DCB-B0C8-FC7FF0EE77F9}"
EndProject
Global
	GlobalSection(SolutionConfigurationPlatforms) = preSolution
		Debug|Any CPU = Debug|Any CPU
		Release|Any CPU = Release|Any CPU
	EndGlobalSection
	GlobalSection(ProjectConfigurationPlatforms) = postSolution
		{99060D40-2C1D-4DCB-B0C8-FC7FF0EE77F9}.Debug|Any CPU.ActiveCfg = Debug|Any CPU
		{99060D40-2C1D-4DCB-B0C8-FC7FF0EE77F9}.Debug|Any CPU.Build.0 = Debug|Any CPU
		{99060D40-2C1D-4DCB-B0C8-FC7FF0EE77F9}.Release|Any CPU.ActiveCfg = Release|Any CPU
		{99060D40-2C1D-4DCB-B0C8-FC7FF0EE77F9}.Release|Any CPU.Build.0 = Release|Any CPU
	EndGlobalSection
	GlobalSection(SolutionProperties) = preSolution
		HideSolutionNode = FALSE
	EndGlobalSection
	GlobalSection(ExtensibilityGlobals) = postSolution
		SolutionGuid = {DAA02CDF-4EA8-46EB-974C-4EB839FFCD7B}
	EndGlobalSection
EndGlobal
